
Microsoft Visual Studio Solution File, Format Version 12.00
# Visual Studio Version 17
VisualStudioVersion = 17.4.33205.214
MinimumVisualStudioVersion = 10.0.40219.1
Project("{9A19103F-16F7-4668-BE54-9A1E7A4F7556}") = "DavisMotorVehicles.Server", "DavisMotorVehicles\Server\DavisMotorVehicles.Server.csproj", "{E5E6615C-B9B4-4A73-A2A8-E66AE946324A}"
EndProject
Project("{9A19103F-16F7-4668-BE54-9A1E7A4F7556}") = "DavisMotorVehicles.Client", "DavisMotorVehicles\Client\DavisMotorVehicles.Client.csproj", "{BD9ADB09-CF26-402B-AFCE-8A5F3383FB7B}"
EndProject
Project("{9A19103F-16F7-4668-BE54-9A1E7A4F7556}") = "DavisMotorVehicles.Shared", "DavisMotorVehicles\Shared\DavisMotorVehicles.Shared.csproj", "{A384D398-D4D7-4213-B67A-D7E844A9FD27}"
EndProject
Project("{9A19103F-16F7-4668-BE54-9A1E7A4F7556}") = "DavisMotorVehicles.Data", "DavisMotorVehicles\Data\DavisMotorVehicles.Data.csproj", "{06F56BEF-2C6B-4C4D-96C4-03F6A6AA62CC}"
EndProject
Global
	GlobalSection(SolutionConfigurationPlatforms) = preSolution
		Debug|Any CPU = Debug|Any CPU
		Release|Any CPU = Release|Any CPU
	EndGlobalSection
	GlobalSection(ProjectConfigurationPlatforms) = postSolution
		{E5E6615C-B9B4-4A73-A2A8-E66AE946324A}.Debug|Any CPU.ActiveCfg = Debug|Any CPU
		{E5E6615C-B9B4-4A73-A2A8-E66AE946324A}.Debug|Any CPU.Build.0 = Debug|Any CPU
		{E5E6615C-B9B4-4A73-A2A8-E66AE946324A}.Release|Any CPU.ActiveCfg = Release|Any CPU
		{E5E6615C-B9B4-4A73-A2A8-E66AE946324A}.Release|Any CPU.Build.0 = Release|Any CPU
		{BD9ADB09-CF26-402B-AFCE-8A5F3383FB7B}.Debug|Any CPU.ActiveCfg = Debug|Any CPU
		{BD9ADB09-CF26-402B-AFCE-8A5F3383FB7B}.Debug|Any CPU.Build.0 = Debug|Any CPU
		{BD9ADB09-CF26-402B-AFCE-8A5F3383FB7B}.Release|Any CPU.ActiveCfg = Release|Any CPU
		{BD9ADB09-CF26-402B-AFCE-8A5F3383FB7B}.Release|Any CPU.Build.0 = Release|Any CPU
		{A384D398-D4D7-4213-B67A-D7E844A9FD27}.Debug|Any CPU.ActiveCfg = Debug|Any CPU
		{A384D398-D4D7-4213-B67A-D7E844A9FD27}.Debug|Any CPU.Build.0 = Debug|Any CPU
		{A384D398-D4D7-4213-B67A-D7E844A9FD27}.Release|Any CPU.ActiveCfg = Release|Any CPU
		{A384D398-D4D7-4213-B67A-D7E844A9FD27}.Release|Any CPU.Build.0 = Release|Any CPU
		{06F56BEF-2C6B-4C4D-96C4-03F6A6AA62CC}.Debug|Any CPU.ActiveCfg = Debug|Any CPU
		{06F56BEF-2C6B-4C4D-96C4-03F6A6AA62CC}.Debug|Any CPU.Build.0 = Debug|Any CPU
		{06F56BEF-2C6B-4C4D-96C4-03F6A6AA62CC}.Release|Any CPU.ActiveCfg = Release|Any CPU
		{06F56BEF-2C6B-4C4D-96C4-03F6A6AA62CC}.Release|Any CPU.Build.0 = Release|Any CPU
	EndGlobalSection
	GlobalSection(SolutionProperties) = preSolution
		HideSolutionNode = FALSE
	EndGlobalSection
	GlobalSection(ExtensibilityGlobals) = postSolution
		SolutionGuid = {5CEF49BF-66FE-4BD7-864D-83C471F34299}
	EndGlobalSection
EndGlobal
